github.com/go-co-op/gocron/v2 v2.12.1 h1:dCIIBFbzhWKdgXeEifBjHPzgQ1hoWhjS4289Hjjy1uw=
github.com/go-co-op/gocron/v2 v2.12.1/go.mod h1:xY7bJxGazKam1cz04EebrlP4S9q4iWdiAylMGP3jY9w=
github.com/go-co-op/gocron/v2 v2.12.3 h1:3JkKjkFoAPp/i0YE+sonlF5gi+xnBChwYh75nX16MaE=
github.com/go-co-op/gocron/v2 v2.12.3/go.mod h1:xY7bJxGazKam1cz04EebrlP4S9q4iWdiAylMGP3jY9w=
github.com/go-co-op/gocron/v2 v2.12.4 h1:h1HWApo3T+61UrZqEY2qG1LUpDnB7tkYITxf6YIK354=
github.com/go-co-op/gocron/v2 v2.12.4/go.mod h1:xY7bJxGazKam1cz04EebrlP4S9q4iWdiAylMGP3jY9w=
github.com/go-co-op/gocron/v2 v2.13.0 h1:iGU/RoZvf4GF5hIZUkDSFvvajk9K3W4YgocarBol/ME=
github.com/go-co-op/gocron/v2 v2.13.0/go.mod h1:ZF70ZwEqz0OO4RBXE1sNxnANy/zvwLcattWEFsqpKig=
github.com/go-co-op/gocron/v2 v2.14.1 h1:bwWMkX2rNfS6RqBmUAfkDuOPKl/BRCRCrmuAv8flrOQ=
github.com/go-co-op/gocron/v2 v2.14.1/go.mod h1:ZF70ZwEqz0OO4RBXE1sNxnANy/zvwLcattWEFsqpKig=
github.com/go-co-op/gocron/v2 v2.14.2 h1:S6CbI7MVfD3S/aPJNLoSg2YcGyEqzEMwUopDejuT4Oc=
github.com/go-co-op/gocron/v2 v2.14.2/go.mod h1:ZF70ZwEqz0OO4RBXE1sNxnANy/zvwLcattWEFsqpKig=
github.com/go-co-op/gocron/v2 v2.15.0 h1:Kpvo71VSihE+RImmpA+3ta5CcMhoRzMGw4dJawrj4zo=
github.com/go-co-op/gocron/v2 v2.15.0/go.mod h1:ZF70ZwEqz0OO4RBXE1sNxnANy/zvwLcattWEFsqpKig=
github.com/go-co-op/gocron/v2 v2.16.0 h1:uqUF6WFZ4enRU45pWFNcn1xpDLc+jBOTKhPQI16Z1xs=
github.com/go-co-op/gocron/v2 v2.16.0/go.mod h1:opexeOFy5BplhsKdA7bzY9zeYih8I8/WNJ4arTIFPVc=
github.com/go-co-op/gocron/v2 v2.16.1 h1:ux/5zxVRveCaCuTtNI3DiOk581KC1KpJbpJFYUEVYwo=
github.com/go-co-op/gocron/v2 v2.16.1/go.mod h1:opexeOFy5BplhsKdA7bzY9zeYih8I8/WNJ4arTIFPVc=
github.com/google/uuid v1.6.0 h1:NIvaJDMOsjHA8n1jAhLSgzrAzy1Hgr+hNrb57e+94F0=
github.com/google/uuid v1.6.0/go.mod h1:TIyPZe4MgqvfeYDBFedMoGGpEw/LqOeaOT+nhxU+yHo=
github.com/jonboulle/clockwork v0.4.0 h1:p4Cf1aMWXnXAUh8lVfewRBx1zaTSYKrKMF2g3ST4RZ4=
github.com/jonboulle/clockwork v0.4.0/go.mod h1:xgRqUGwRcjKCO1vbZUEtSLrqKoPSsUpK7fnezOII0kc=
github.com/jonboulle/clockwork v0.5.0 h1:Hyh9A8u51kptdkR+cqRpT1EebBwTn1oK9YfGYbdFz6I=
github.com/jonboulle/clockwork v0.5.0/go.mod h1:3mZlmanh0g2NDKO5TWZVJAfofYk64M7XN3SzBPjZF60=
github.com/rabbitmq/amqp091-go v1.10.0 h1:STpn5XsHlHGcecLmMFCtg7mqq0RnD+zFr4uzukfVhBw=
github.com/rabbitmq/amqp091-go v1.10.0/go.mod h1:Hy4jKW5kQART1u+JkDTF9YYOQUHXqMuhrgxOEeS7G4o=
github.com/robfig/cron/v3 v3.0.1 h1:WdRxkvbJztn8LMz/QEvLN5sBU+xKpSqwwUO1Pjr4qDs=
github.com/robfig/cron/v3 v3.0.1/go.mod h1:eQICP3HwyT7UooqI/z+Ov+PtYAWygg1TEWWzGIFLtro=
golang.org/x/exp v0.0.0-20240613232115-7f521ea00fb8 h1:yixxcjnhBmY0nkL253HFVIm0JsFHwrHdT3Yh6szTnfY=
golang.org/x/exp v0.0.0-20240613232115-7f521ea00fb8/go.mod h1:jj3sYF3dwk5D+ghuXyeI3r5MFf+NT2An6/9dOA95KSI=
